schema: '2.0'
stages:
  process:
    cmd: python dvc_demo/process.py
    deps:
    - path: dvc_demo/process.py
      md5: 448b1fba2a1eb4874f1f90f4a479e71a
      size: 549
    outs:
    - path: data/test.csv
      md5: a8fbece257676522fbaa001aa31a52f3
      size: 379239
    - path: data/train.csv
      md5: ceb6ed29d41181ac0c71837cf1c4cc1e
      size: 1515991
  train:
    cmd: python dvc_demo/train.py
    deps:
    - path: data/train.csv
      md5: ceb6ed29d41181ac0c71837cf1c4cc1e
      size: 1515991
    - path: dvc_demo/train.py
      md5: 0486c396d0088b563920a7e251e34938
      size: 637
    params:
      params.yaml:
        model:
          num_hidden_layer: 24
          hidden_layer_size: 3
    outs:
    - path: models/model.pkl
      md5: a42e9be07d627f81c97dcc1a206dc187
      size: 12632
  evaluate:
    cmd: python dvc_demo/evaluate.py
    deps:
    - path: data/test.csv
      md5: a8fbece257676522fbaa001aa31a52f3
      size: 379239
    - path: dvc_demo/evaluate.py
      md5: 97dc4f7b237fa25b3bdbe404db7a5767
      size: 688
    - path: models/model.pkl
      md5: a42e9be07d627f81c97dcc1a206dc187
      size: 12632
    outs:
    - path: metrics.json
      md5: 5741c3d18222e6da8425b5911b4952bf
      size: 54
